
Microsoft Visual Studio Solution File, Format Version 12.00
# Visual Studio Version 16
VisualStudioVersion = 25.0.1704.0
MinimumVisualStudioVersion = 10.0.40219.1
Project("{FAE04EC0-301F-11D3-BF4B-00C04F79EFBC}") = "RazorPagesMovie", "RazorPagesMovie\RazorPagesMovie.csproj", "{85544C2F-0577-4521-AE8F-A1AB513B2854}"
EndProject
Global
	GlobalSection(SolutionConfigurationPlatforms) = preSolution
		Debug|Any CPU = Debug|Any CPU
		Release|Any CPU = Release|Any CPU
	EndGlobalSection
	GlobalSection(ProjectConfigurationPlatforms) = postSolution
		{85544C2F-0577-4521-AE8F-A1AB513B2854}.Debug|Any CPU.ActiveCfg = Debug|Any CPU
		{85544C2F-0577-4521-AE8F-A1AB513B2854}.Debug|Any CPU.Build.0 = Debug|Any CPU
		{85544C2F-0577-4521-AE8F-A1AB513B2854}.Release|Any CPU.ActiveCfg = Release|Any CPU
		{85544C2F-0577-4521-AE8F-A1AB513B2854}.Release|Any CPU.Build.0 = Release|Any CPU
	EndGlobalSection
	GlobalSection(SolutionProperties) = preSolution
		HideSolutionNode = FALSE
	EndGlobalSection
	GlobalSection(ExtensibilityGlobals) = postSolution
		SolutionGuid = {0C16EBF4-D22B-45A8-B8D8-1E30B0C9589F}
	EndGlobalSection
EndGlobal
